
Microsoft Visual Studio Solution File, Format Version 12.00
# Visual Studio Version 16
VisualStudioVersion = 16.0.30907.101
MinimumVisualStudioVersion = 10.0.40219.1
Project("{9A19103F-16F7-4668-BE54-9A1E7A4F7556}") = "DisponibilidadHospitalaria", "DisponibilidadHospitalaria\DisponibilidadHospitalaria.csproj", "{0CA46B7F-6437-4B4C-BC16-273383D90062}"
EndProject
Project("{9A19103F-16F7-4668-BE54-9A1E7A4F7556}") = "DisponibilidadHospitalaria.Dominio", "DisponibilidadHospitalaria.Dominio\DisponibilidadHospitalaria.Dominio.csproj", "{31C268F6-8958-42C5-AFC4-F061B5EE8093}"
EndProject
Project("{9A19103F-16F7-4668-BE54-9A1E7A4F7556}") = "DisponibilidadHospitalaria.Persistencia", "DisponibilidadHospitalaria.Persistencia\DisponibilidadHospitalaria.Persistencia.csproj", "{091E88E1-F98B-4755-BE5B-F976E0F71F8B}"
EndProject
Project("{9A19103F-16F7-4668-BE54-9A1E7A4F7556}") = "DisponibilidadHospitalaria.Aplicacion", "DisponibilidadHospitalaria.Aplicacion\DisponibilidadHospitalaria.Aplicacion.csproj", "{E036FCFA-EDC1-4DBC-A53F-3557D8F02069}"
EndProject
Global
	GlobalSection(SolutionConfigurationPlatforms) = preSolution
		Debug|Any CPU = Debug|Any CPU
		Release|Any CPU = Release|Any CPU
	EndGlobalSection
	GlobalSection(ProjectConfigurationPlatforms) = postSolution
		{0CA46B7F-6437-4B4C-BC16-273383D90062}.Debug|Any CPU.ActiveCfg = Debug|Any CPU
		{0CA46B7F-6437-4B4C-BC16-273383D90062}.Debug|Any CPU.Build.0 = Debug|Any CPU
		{0CA46B7F-6437-4B4C-BC16-273383D90062}.Release|Any CPU.ActiveCfg = Release|Any CPU
		{0CA46B7F-6437-4B4C-BC16-273383D90062}.Release|Any CPU.Build.0 = Release|Any CPU
		{31C268F6-8958-42C5-AFC4-F061B5EE8093}.Debug|Any CPU.ActiveCfg = Debug|Any CPU
		{31C268F6-8958-42C5-AFC4-F061B5EE8093}.Debug|Any CPU.Build.0 = Debug|Any CPU
		{31C268F6-8958-42C5-AFC4-F061B5EE8093}.Release|Any CPU.ActiveCfg = Release|Any CPU
		{31C268F6-8958-42C5-AFC4-F061B5EE8093}.Release|Any CPU.Build.0 = Release|Any CPU
		{091E88E1-F98B-4755-BE5B-F976E0F71F8B}.Debug|Any CPU.ActiveCfg = Debug|Any CPU
		{091E88E1-F98B-4755-BE5B-F976E0F71F8B}.Debug|Any CPU.Build.0 = Debug|Any CPU
		{091E88E1-F98B-4755-BE5B-F976E0F71F8B}.Release|Any CPU.ActiveCfg = Release|Any CPU
		{091E88E1-F98B-4755-BE5B-F976E0F71F8B}.Release|Any CPU.Build.0 = Release|Any CPU
		{E036FCFA-EDC1-4DBC-A53F-3557D8F02069}.Debug|Any CPU.ActiveCfg = Debug|Any CPU
		{E036FCFA-EDC1-4DBC-A53F-3557D8F02069}.Debug|Any CPU.Build.0 = Debug|Any CPU
		{E036FCFA-EDC1-4DBC-A53F-3557D8F02069}.Release|Any CPU.ActiveCfg = Release|Any CPU
		{E036FCFA-EDC1-4DBC-A53F-3557D8F02069}.Release|Any CPU.Build.0 = Release|Any CPU
	EndGlobalSection
	GlobalSection(SolutionProperties) = preSolution
		HideSolutionNode = FALSE
	EndGlobalSection
	GlobalSection(ExtensibilityGlobals) = postSolution
		SolutionGuid = {C5CEB62E-741F-44CE-A737-098C6376907E}
	EndGlobalSection
EndGlobal
